
Microsoft Visual Studio Solution File, Format Version 12.00
# Visual Studio Version 17
VisualStudioVersion = 17.13.35919.96 d17.13
MinimumVisualStudioVersion = 10.0.40219.1
Project("{FAE04EC0-301F-11D3-BF4B-00C04F79EFBC}") = "Courseprogram", "Courseprogram.csproj", "{A49166E1-51AB-4C8C-A63B-FD5E186F142C}"
EndProject
Global
	GlobalSection(SolutionConfigurationPlatforms) = preSolution
		Debug|Any CPU = Debug|Any CPU
		Release|Any CPU = Release|Any CPU
	EndGlobalSection
	GlobalSection(ProjectConfigurationPlatforms) = postSolution
		{A49166E1-51AB-4C8C-A63B-FD5E186F142C}.Debug|Any CPU.ActiveCfg = Debug|Any CPU
		{A49166E1-51AB-4C8C-A63B-FD5E186F142C}.Debug|Any CPU.Build.0 = Debug|Any CPU
		{A49166E1-51AB-4C8C-A63B-FD5E186F142C}.Release|Any CPU.ActiveCfg = Release|Any CPU
		{A49166E1-51AB-4C8C-A63B-FD5E186F142C}.Release|Any CPU.Build.0 = Release|Any CPU
	EndGlobalSection
	GlobalSection(SolutionProperties) = preSolution
		HideSolutionNode = FALSE
	EndGlobalSection
	GlobalSection(ExtensibilityGlobals) = postSolution
		SolutionGuid = {FFC045C4-19CF-42AE-BF5F-DB4D418B9FAE}
	EndGlobalSection
EndGlobal
